// !$*UTF8*$!
{
	archiveVersion = 1;
	classes = {
	};
	objectVersion = 56;
	objects = {

/* Begin PBXBuildFile section */
		D60401152CF0D7ED00760289 /* ExploreViewModel.swift in Sources */ = {isa = PBXBuildFile; fileRef = D60401142CF0D7ED00760289 /* ExploreViewModel.swift */; };
		D60401172CF0D8CC00760289 /* ExploreService.swift in Sources */ = {isa = PBXBuildFile; fileRef = D60401162CF0D8CC00760289 /* ExploreService.swift */; };
		D67B37622CEF6CE5007D523D /* Listing.swift in Sources */ = {isa = PBXBuildFile; fileRef = D67B37612CEF6CE5007D523D /* Listing.swift */; };
		D67B37642CF0C49C007D523D /* DeveloperPreview.swift in Sources */ = {isa = PBXBuildFile; fileRef = D67B37632CF0C49B007D523D /* DeveloperPreview.swift */; };
		D6C0FD082CB6DC8B00E8CF3D /* DestinationSearchView.swift in Sources */ = {isa = PBXBuildFile; fileRef = D6C0FD072CB6DC8B00E8CF3D /* DestinationSearchView.swift */; };
		D6CCCED92CB82BEC00A36554 /* ProfileView.swift in Sources */ = {isa = PBXBuildFile; fileRef = D6CCCED82CB82BEC00A36554 /* ProfileView.swift */; };
		D6CCCEDB2CB82EFF00A36554 /* ProfileOptionRowView.swift in Sources */ = {isa = PBXBuildFile; fileRef = D6CCCEDA2CB82EFF00A36554 /* ProfileOptionRowView.swift */; };
		D6CCCEDD2CB8312800A36554 /* WishlistsView.swift in Sources */ = {isa = PBXBuildFile; fileRef = D6CCCEDC2CB8312800A36554 /* WishlistsView.swift */; };
		D6CCCEDF2CB834BB00A36554 /* ButtonLoginView.swift in Sources */ = {isa = PBXBuildFile; fileRef = D6CCCEDE2CB834BB00A36554 /* ButtonLoginView.swift */; };
		D6CCCEE12CB836DA00A36554 /* MainTabView.swift in Sources */ = {isa = PBXBuildFile; fileRef = D6CCCEE02CB836DA00A36554 /* MainTabView.swift */; };
		D6D1183E2CB42A0C007B2945 /* AirbnbTutorialApp.swift in Sources */ = {isa = PBXBuildFile; fileRef = D6D1183D2CB42A0C007B2945 /* AirbnbTutorialApp.swift */; };
		D6D118402CB42A0C007B2945 /* ContentView.swift in Sources */ = {isa = PBXBuildFile; fileRef = D6D1183F2CB42A0C007B2945 /* ContentView.swift */; };
		D6D118422CB42A12007B2945 /* Assets.xcassets in Resources */ = {isa = PBXBuildFile; fileRef = D6D118412CB42A12007B2945 /* Assets.xcassets */; };
		D6D118452CB42A12007B2945 /* Preview Assets.xcassets in Resources */ = {isa = PBXBuildFile; fileRef = D6D118442CB42A12007B2945 /* Preview Assets.xcassets */; };
		D6D118582CB42CE7007B2945 /* ExploreView.swift in Sources */ = {isa = PBXBuildFile; fileRef = D6D118572CB42CE7007B2945 /* ExploreView.swift */; };
		D6D1185A2CB42E4D007B2945 /* ListingItemView.swift in Sources */ = {isa = PBXBuildFile; fileRef = D6D118592CB42E4D007B2945 /* ListingItemView.swift */; };
		D6D1185C2CB438F2007B2945 /* SearchAndFilterBar.swift in Sources */ = {isa = PBXBuildFile; fileRef = D6D1185B2CB438F2007B2945 /* SearchAndFilterBar.swift */; };
		D6D1185E2CB43EA0007B2945 /* ListingDetailView.swift in Sources */ = {isa = PBXBuildFile; fileRef = D6D1185D2CB43EA0007B2945 /* ListingDetailView.swift */; };
		D6D118612CB43FDD007B2945 /* ListingImageCarouselView.swift in Sources */ = {isa = PBXBuildFile; fileRef = D6D118602CB43FDD007B2945 /* ListingImageCarouselView.swift */; };
		D6D118632CB44243007B2945 /* RatingView.swift in Sources */ = {isa = PBXBuildFile; fileRef = D6D118622CB44243007B2945 /* RatingView.swift */; };
/* End PBXBuildFile section */

/* Begin PBXFileReference section */
		D60401142CF0D7ED00760289 /* ExploreViewModel.swift */ = {isa = PBXFileReference; lastKnownFileType = sourcecode.swift; path = ExploreViewModel.swift; sourceTree = "<group>"; };
		D60401162CF0D8CC00760289 /* ExploreService.swift */ = {isa = PBXFileReference; lastKnownFileType = sourcecode.swift; path = ExploreService.swift; sourceTree = "<group>"; };
		D67B37612CEF6CE5007D523D /* Listing.swift */ = {isa = PBXFileReference; lastKnownFileType = sourcecode.swift; path = Listing.swift; sourceTree = "<group>"; };
		D67B37632CF0C49B007D523D /* DeveloperPreview.swift */ = {isa = PBXFileReference; lastKnownFileType = sourcecode.swift; path = DeveloperPreview.swift; sourceTree = "<group>"; };
		D6C0FD072CB6DC8B00E8CF3D /* DestinationSearchView.swift */ = {isa = PBXFileReference; lastKnownFileType = sourcecode.swift; path = DestinationSearchView.swift; sourceTree = "<group>"; };
		D6CCCED82CB82BEC00A36554 /* ProfileView.swift */ = {isa = PBXFileReference; lastKnownFileType = sourcecode.swift; path = ProfileView.swift; sourceTree = "<group>"; };
		D6CCCEDA2CB82EFF00A36554 /* ProfileOptionRowView.swift */ = {isa = PBXFileReference; lastKnownFileType = sourcecode.swift; path = ProfileOptionRowView.swift; sourceTree = "<group>"; };
		D6CCCEDC2CB8312800A36554 /* WishlistsView.swift */ = {isa = PBXFileReference; lastKnownFileType = sourcecode.swift; path = WishlistsView.swift; sourceTree = "<group>"; };
		D6CCCEDE2CB834BB00A36554 /* ButtonLoginView.swift */ = {isa = PBXFileReference; lastKnownFileType = sourcecode.swift; path = ButtonLoginView.swift; sourceTree = "<group>"; };
		D6CCCEE02CB836DA00A36554 /* MainTabView.swift */ = {isa = PBXFileReference; lastKnownFileType = sourcecode.swift; path = MainTabView.swift; sourceTree = "<group>"; };
		D6D1183A2CB42A0C007B2945 /* AirbnbTutorial.app */ = {isa = PBXFileReference; explicitFileType = wrapper.application; includeInIndex = 0; path = AirbnbTutorial.app; sourceTree = BUILT_PRODUCTS_DIR; };
		D6D1183D2CB42A0C007B2945 /* AirbnbTutorialApp.swift */ = {isa = PBXFileReference; lastKnownFileType = sourcecode.swift; path = AirbnbTutorialApp.swift; sourceTree = "<group>"; };
		D6D1183F2CB42A0C007B2945 /* ContentView.swift */ = {isa = PBXFileReference; lastKnownFileType = sourcecode.swift; path = ContentView.swift; sourceTree = "<group>"; };
		D6D118412CB42A12007B2945 /* Assets.xcassets */ = {isa = PBXFileReference; lastKnownFileType = folder.assetcatalog; path = Assets.xcassets; sourceTree = "<group>"; };
		D6D118442CB42A12007B2945 /* Preview Assets.xcassets */ = {isa = PBXFileReference; lastKnownFileType = folder.assetcatalog; path = "Preview Assets.xcassets"; sourceTree = "<group>"; };
		D6D118572CB42CE7007B2945 /* ExploreView.swift */ = {isa = PBXFileReference; lastKnownFileType = sourcecode.swift; path = ExploreView.swift; sourceTree = "<group>"; };
		D6D118592CB42E4D007B2945 /* ListingItemView.swift */ = {isa = PBXFileReference; lastKnownFileType = sourcecode.swift; path = ListingItemView.swift; sourceTree = "<group>"; };
		D6D1185B2CB438F2007B2945 /* SearchAndFilterBar.swift */ = {isa = PBXFileReference; lastKnownFileType = sourcecode.swift; path = SearchAndFilterBar.swift; sourceTree = "<group>"; };
		D6D1185D2CB43EA0007B2945 /* ListingDetailView.swift */ = {isa = PBXFileReference; lastKnownFileType = sourcecode.swift; path = ListingDetailView.swift; sourceTree = "<group>"; };
		D6D118602CB43FDD007B2945 /* ListingImageCarouselView.swift */ = {isa = PBXFileReference; lastKnownFileType = sourcecode.swift; path = ListingImageCarouselView.swift; sourceTree = "<group>"; };
		D6D118622CB44243007B2945 /* RatingView.swift */ = {isa = PBXFileReference; lastKnownFileType = sourcecode.swift; path = RatingView.swift; sourceTree = "<group>"; };
/* End PBXFileReference section */

/* Begin PBXFrameworksBuildPhase section */
		D6D118372CB42A0C007B2945 /* Frameworks */ = {
			isa = PBXFrameworksBuildPhase;
			buildActionMask = 2147483647;
			files = (
			);
			runOnlyForDeploymentPostprocessing = 0;
		};
/* End PBXFrameworksBuildPhase section */

/* Begin PBXGroup section */
		D67B375F2CEF6C9C007D523D /* View */ = {
			isa = PBXGroup;
			children = (
				D6D118592CB42E4D007B2945 /* ListingItemView.swift */,
				D6D1185D2CB43EA0007B2945 /* ListingDetailView.swift */,
			);
			path = View;
			sourceTree = "<group>";
		};
		D67B37602CEF6CA1007D523D /* Model */ = {
			isa = PBXGroup;
			children = (
				D67B37612CEF6CE5007D523D /* Listing.swift */,
			);
			path = Model;
			sourceTree = "<group>";
		};
		D67B37652CF0D3E3007D523D /* ViewModel */ = {
			isa = PBXGroup;
			children = (
				D60401142CF0D7ED00760289 /* ExploreViewModel.swift */,
			);
			path = ViewModel;
			sourceTree = "<group>";
		};
		D67B37662CF0D3E8007D523D /* View */ = {
			isa = PBXGroup;
			children = (
				D6D118572CB42CE7007B2945 /* ExploreView.swift */,
				D6D1185B2CB438F2007B2945 /* SearchAndFilterBar.swift */,
				D6C0FD072CB6DC8B00E8CF3D /* DestinationSearchView.swift */,
			);
			path = View;
			sourceTree = "<group>";
		};
		D67B37672CF0D3EC007D523D /* Service */ = {
			isa = PBXGroup;
			children = (
				D60401162CF0D8CC00760289 /* ExploreService.swift */,
			);
			path = Service;
			sourceTree = "<group>";
		};
		D6D118312CB42A0C007B2945 = {
			isa = PBXGroup;
			children = (
				D6D1183C2CB42A0C007B2945 /* AirbnbTutorial */,
				D6D1183B2CB42A0C007B2945 /* Products */,
			);
			sourceTree = "<group>";
		};
		D6D1183B2CB42A0C007B2945 /* Products */ = {
			isa = PBXGroup;
			children = (
				D6D1183A2CB42A0C007B2945 /* AirbnbTutorial.app */,
			);
			name = Products;
			sourceTree = "<group>";
		};
		D6D1183C2CB42A0C007B2945 /* AirbnbTutorial */ = {
			isa = PBXGroup;
			children = (
				D6D1184B2CB42A31007B2945 /* App */,
				D6D1184C2CB42A3F007B2945 /* Core */,
				D6D1184E2CB42A52007B2945 /* Models */,
				D6D1184D2CB42A48007B2945 /* Extantions */,
				D6D1184F2CB42A68007B2945 /* Utils */,
				D6D1183F2CB42A0C007B2945 /* ContentView.swift */,
				D6D118412CB42A12007B2945 /* Assets.xcassets */,
				D6D118432CB42A12007B2945 /* Preview Content */,
			);
			path = AirbnbTutorial;
			sourceTree = "<group>";
		};
		D6D118432CB42A12007B2945 /* Preview Content */ = {
			isa = PBXGroup;
			children = (
				D6D118442CB42A12007B2945 /* Preview Assets.xcassets */,
			);
			path = "Preview Content";
			sourceTree = "<group>";
		};
		D6D1184B2CB42A31007B2945 /* App */ = {
			isa = PBXGroup;
			children = (
				D6D1183D2CB42A0C007B2945 /* AirbnbTutorialApp.swift */,
			);
			path = App;
			sourceTree = "<group>";
		};
		D6D1184C2CB42A3F007B2945 /* Core */ = {
			isa = PBXGroup;
			children = (
				D6D1185F2CB43F83007B2945 /* Components */,
				D6D118502CB42AB9007B2945 /* Explore */,
				D6D118512CB42ABD007B2945 /* Listings */,
				D6D118522CB42AC1007B2945 /* MapView */,
				D6D118532CB42B08007B2945 /* Profile */,
				D6D118542CB42B0B007B2945 /* Root */,
				D6D118552CB42B24007B2945 /* TabBar */,
				D6D118562CB42B32007B2945 /* Wishlists */,
			);
			path = Core;
			sourceTree = "<group>";
		};
		D6D1184D2CB42A48007B2945 /* Extantions */ = {
			isa = PBXGroup;
			children = (
				D67B37632CF0C49B007D523D /* DeveloperPreview.swift */,
			);
			path = Extantions;
			sourceTree = "<group>";
		};
		D6D1184E2CB42A52007B2945 /* Models */ = {
			isa = PBXGroup;
			children = (
			);
			path = Models;
			sourceTree = "<group>";
		};
		D6D1184F2CB42A68007B2945 /* Utils */ = {
			isa = PBXGroup;
			children = (
			);
			path = Utils;
			sourceTree = "<group>";
		};
		D6D118502CB42AB9007B2945 /* Explore */ = {
			isa = PBXGroup;
			children = (
				D67B37672CF0D3EC007D523D /* Service */,
				D67B37662CF0D3E8007D523D /* View */,
				D67B37652CF0D3E3007D523D /* ViewModel */,
			);
			path = Explore;
			sourceTree = "<group>";
		};
		D6D118512CB42ABD007B2945 /* Listings */ = {
			isa = PBXGroup;
			children = (
				D67B37602CEF6CA1007D523D /* Model */,
				D67B375F2CEF6C9C007D523D /* View */,
			);
			path = Listings;
			sourceTree = "<group>";
		};
		D6D118522CB42AC1007B2945 /* MapView */ = {
			isa = PBXGroup;
			children = (
			);
			path = MapView;
			sourceTree = "<group>";
		};
		D6D118532CB42B08007B2945 /* Profile */ = {
			isa = PBXGroup;
			children = (
				D6CCCED82CB82BEC00A36554 /* ProfileView.swift */,
				D6CCCEDA2CB82EFF00A36554 /* ProfileOptionRowView.swift */,
			);
			path = Profile;
			sourceTree = "<group>";
		};
		D6D118542CB42B0B007B2945 /* Root */ = {
			isa = PBXGroup;
			children = (
			);
			path = Root;
			sourceTree = "<group>";
		};
		D6D118552CB42B24007B2945 /* TabBar */ = {
			isa = PBXGroup;
			children = (
				D6CCCEE02CB836DA00A36554 /* MainTabView.swift */,
			);
			path = TabBar;
			sourceTree = "<group>";
		};
		D6D118562CB42B32007B2945 /* Wishlists */ = {
			isa = PBXGroup;
			children = (
				D6CCCEDC2CB8312800A36554 /* WishlistsView.swift */,
			);
			path = Wishlists;
			sourceTree = "<group>";
		};
		D6D1185F2CB43F83007B2945 /* Components */ = {
			isa = PBXGroup;
			children = (
				D6D118602CB43FDD007B2945 /* ListingImageCarouselView.swift */,
				D6D118622CB44243007B2945 /* RatingView.swift */,
				D6CCCEDE2CB834BB00A36554 /* ButtonLoginView.swift */,
			);
			path = Components;
			sourceTree = "<group>";
		};
/* End PBXGroup section */

/* Begin PBXNativeTarget section */
		D6D118392CB42A0C007B2945 /* AirbnbTutorial */ = {
			isa = PBXNativeTarget;
			buildConfigurationList = D6D118482CB42A12007B2945 /* Build configuration list for PBXNativeTarget "AirbnbTutorial" */;
			buildPhases = (
				D6D118362CB42A0C007B2945 /* Sources */,
				D6D118372CB42A0C007B2945 /* Frameworks */,
				D6D118382CB42A0C007B2945 /* Resources */,
			);
			buildRules = (
			);
			dependencies = (
			);
			name = AirbnbTutorial;
			productName = AirbnbTutorial;
			productReference = D6D1183A2CB42A0C007B2945 /* AirbnbTutorial.app */;
			productType = "com.apple.product-type.application";
		};
/* End PBXNativeTarget section */

/* Begin PBXProject section */
		D6D118322CB42A0C007B2945 /* Project object */ = {
			isa = PBXProject;
			attributes = {
				BuildIndependentTargetsInParallel = 1;
				LastSwiftUpdateCheck = 1520;
				LastUpgradeCheck = 1520;
				TargetAttributes = {
					D6D118392CB42A0C007B2945 = {
						CreatedOnToolsVersion = 15.2;
					};
				};
			};
			buildConfigurationList = D6D118352CB42A0C007B2945 /* Build configuration list for PBXProject "AirbnbTutorial" */;
			compatibilityVersion = "Xcode 14.0";
			developmentRegion = en;
			hasScannedForEncodings = 0;
			knownRegions = (
				en,
				Base,
			);
			mainGroup = D6D118312CB42A0C007B2945;
			productRefGroup = D6D1183B2CB42A0C007B2945 /* Products */;
			projectDirPath = "";
			projectRoot = "";
			targets = (
				D6D118392CB42A0C007B2945 /* AirbnbTutorial */,
			);
		};
/* End PBXProject section */

/* Begin PBXResourcesBuildPhase section */
		D6D118382CB42A0C007B2945 /* Resources */ = {
			isa = PBXResourcesBuildPhase;
			buildActionMask = 2147483647;
			files = (
				D6D118452CB42A12007B2945 /* Preview Assets.xcassets in Resources */,
				D6D118422CB42A12007B2945 /* Assets.xcassets in Resources */,
			);
			runOnlyForDeploymentPostprocessing = 0;
		};
/* End PBXResourcesBuildPhase section */

/* Begin PBXSourcesBuildPhase section */
		D6D118362CB42A0C007B2945 /* Sources */ = {
			isa = PBXSourcesBuildPhase;
			buildActionMask = 2147483647;
			files = (
				D6D118612CB43FDD007B2945 /* ListingImageCarouselView.swift in Sources */,
				D6CCCEDB2CB82EFF00A36554 /* ProfileOptionRowView.swift in Sources */,
				D6D118402CB42A0C007B2945 /* ContentView.swift in Sources */,
				D6CCCED92CB82BEC00A36554 /* ProfileView.swift in Sources */,
				D6D1185A2CB42E4D007B2945 /* ListingItemView.swift in Sources */,
				D6D118632CB44243007B2945 /* RatingView.swift in Sources */,
				D60401152CF0D7ED00760289 /* ExploreViewModel.swift in Sources */,
				D60401172CF0D8CC00760289 /* ExploreService.swift in Sources */,
				D6D118582CB42CE7007B2945 /* ExploreView.swift in Sources */,
				D67B37622CEF6CE5007D523D /* Listing.swift in Sources */,
				D6CCCEDF2CB834BB00A36554 /* ButtonLoginView.swift in Sources */,
				D67B37642CF0C49C007D523D /* DeveloperPreview.swift in Sources */,
				D6CCCEDD2CB8312800A36554 /* WishlistsView.swift in Sources */,
				D6C0FD082CB6DC8B00E8CF3D /* DestinationSearchView.swift in Sources */,
				D6D1185C2CB438F2007B2945 /* SearchAndFilterBar.swift in Sources */,
				D6CCCEE12CB836DA00A36554 /* MainTabView.swift in Sources */,
				D6D1185E2CB43EA0007B2945 /* ListingDetailView.swift in Sources */,
				D6D1183E2CB42A0C007B2945 /* AirbnbTutorialApp.swift in Sources */,
			);
			runOnlyForDeploymentPostprocessing = 0;
		};
/* End PBXSourcesBuildPhase section */

/* Begin XCBuildConfiguration section */
		D6D118462CB42A12007B2945 /* Debug */ = {
			isa = XCBuildConfiguration;
			buildSettings = {
				ALWAYS_SEARCH_USER_PATHS = NO;
				ASSETCATALOG_COMPILER_GENERATE_SWIFT_ASSET_SYMBOL_EXTENSIONS = YES;
				CLANG_ANALYZER_NONNULL = YES;
				CLANG_ANALYZER_NUMBER_OBJECT_CONVERSION = YES_AGGRESSIVE;
				CLANG_CXX_LANGUAGE_STANDARD = "gnu++20";
				CLANG_ENABLE_MODULES = YES;
				CLANG_ENABLE_OBJC_ARC = YES;
				CLANG_ENABLE_OBJC_WEAK = YES;
				CLANG_WARN_BLOCK_CAPTURE_AUTORELEASING = YES;
				CLANG_WARN_BOOL_CONVERSION = YES;
				CLANG_WARN_COMMA = YES;
				CLANG_WARN_CONSTANT_CONVERSION = YES;
				CLANG_WARN_DEPRECATED_OBJC_IMPLEMENTATIONS = YES;
				CLANG_WARN_DIRECT_OBJC_ISA_USAGE = YES_ERROR;
				CLANG_WARN_DOCUMENTATION_COMMENTS = YES;
				CLANG_WARN_EMPTY_BODY = YES;
				CLANG_WARN_ENUM_CONVERSION = YES;
				CLANG_WARN_INFINITE_RECURSION = YES;
				CLANG_WARN_INT_CONVERSION = YES;
				CLANG_WARN_NON_LITERAL_NULL_CONVERSION = YES;
				CLANG_WARN_OBJC_IMPLICIT_RETAIN_SELF = YES;
				CLANG_WARN_OBJC_LITERAL_CONVERSION = YES;
				CLANG_WARN_OBJC_ROOT_CLASS = YES_ERROR;
				CLANG_WARN_QUOTED_INCLUDE_IN_FRAMEWORK_HEADER = YES;
				CLANG_WARN_RANGE_LOOP_ANALYSIS = YES;
				CLANG_WARN_STRICT_PROTOTYPES = YES;
				CLANG_WARN_SUSPICIOUS_MOVE = YES;
				CLANG_WARN_UNGUARDED_AVAILABILITY = YES_AGGRESSIVE;
				CLANG_WARN_UNREACHABLE_CODE = YES;
				CLANG_WARN__DUPLICATE_METHOD_MATCH = YES;
				COPY_PHASE_STRIP = NO;
				DEBUG_INFORMATION_FORMAT = dwarf;
				ENABLE_STRICT_OBJC_MSGSEND = YES;
				ENABLE_TESTABILITY = YES;
				ENABLE_USER_SCRIPT_SANDBOXING = YES;
				GCC_C_LANGUAGE_STANDARD = gnu17;
				GCC_DYNAMIC_NO_PIC = NO;
				GCC_NO_COMMON_BLOCKS = YES;
				GCC_OPTIMIZATION_LEVEL = 0;
				GCC_PREPROCESSOR_DEFINITIONS = (
					"DEBUG=1",
					"$(inherited)",
				);
				GCC_WARN_64_TO_32_BIT_CONVERSION = YES;
				GCC_WARN_ABOUT_RETURN_TYPE = YES_ERROR;
				GCC_WARN_UNDECLARED_SELECTOR = YES;
				GCC_WARN_UNINITIALIZED_AUTOS = YES_AGGRESSIVE;
				GCC_WARN_UNUSED_FUNCTION = YES;
				GCC_WARN_UNUSED_VARIABLE = YES;
				IPHONEOS_DEPLOYMENT_TARGET = 17.2;
				LOCALIZATION_PREFERS_STRING_CATALOGS = YES;
				MTL_ENABLE_DEBUG_INFO = INCLUDE_SOURCE;
				MTL_FAST_MATH = YES;
				ONLY_ACTIVE_ARCH = YES;
				SDKROOT = iphoneos;
				SWIFT_ACTIVE_COMPILATION_CONDITIONS = "DEBUG $(inherited)";
				SWIFT_OPTIMIZATION_LEVEL = "-Onone";
			};
			name = Debug;
		};
		D6D118472CB42A12007B2945 /* Release */ = {
			isa = XCBuildConfiguration;
			buildSettings = {
				ALWAYS_SEARCH_USER_PATHS = NO;
				ASSETCATALOG_COMPILER_GENERATE_SWIFT_ASSET_SYMBOL_EXTENSIONS = YES;
				CLANG_ANALYZER_NONNULL = YES;
				CLANG_ANALYZER_NUMBER_OBJECT_CONVERSION = YES_AGGRESSIVE;
				CLANG_CXX_LANGUAGE_STANDARD = "gnu++20";
				CLANG_ENABLE_MODULES = YES;
				CLANG_ENABLE_OBJC_ARC = YES;
				CLANG_ENABLE_OBJC_WEAK = YES;
				CLANG_WARN_BLOCK_CAPTURE_AUTORELEASING = YES;
				CLANG_WARN_BOOL_CONVERSION = YES;
				CLANG_WARN_COMMA = YES;
				CLANG_WARN_CONSTANT_CONVERSION = YES;
				CLANG_WARN_DEPRECATED_OBJC_IMPLEMENTATIONS = YES;
				CLANG_WARN_DIRECT_OBJC_ISA_USAGE = YES_ERROR;
				CLANG_WARN_DOCUMENTATION_COMMENTS = YES;
				CLANG_WARN_EMPTY_BODY = YES;
				CLANG_WARN_ENUM_CONVERSION = YES;
				CLANG_WARN_INFINITE_RECURSION = YES;
				CLANG_WARN_INT_CONVERSION = YES;
				CLANG_WARN_NON_LITERAL_NULL_CONVERSION = YES;
				CLANG_WARN_OBJC_IMPLICIT_RETAIN_SELF = YES;
				CLANG_WARN_OBJC_LITERAL_CONVERSION = YES;
				CLANG_WARN_OBJC_ROOT_CLASS = YES_ERROR;
				CLANG_WARN_QUOTED_INCLUDE_IN_FRAMEWORK_HEADER = YES;
				CLANG_WARN_RANGE_LOOP_ANALYSIS = YES;
				CLANG_WARN_STRICT_PROTOTYPES = YES;
				CLANG_WARN_SUSPICIOUS_MOVE = YES;
				CLANG_WARN_UNGUARDED_AVAILABILITY = YES_AGGRESSIVE;
				CLANG_WARN_UNREACHABLE_CODE = YES;
				CLANG_WARN__DUPLICATE_METHOD_MATCH = YES;
				COPY_PHASE_STRIP = NO;
				DEBUG_INFORMATION_FORMAT = "dwarf-with-dsym";
				ENABLE_NS_ASSERTIONS = NO;
				ENABLE_STRICT_OBJC_MSGSEND = YES;
				ENABLE_USER_SCRIPT_SANDBOXING = YES;
				GCC_C_LANGUAGE_STANDARD = gnu17;
				GCC_NO_COMMON_BLOCKS = YES;
				GCC_WARN_64_TO_32_BIT_CONVERSION = YES;
				GCC_WARN_ABOUT_RETURN_TYPE = YES_ERROR;
				GCC_WARN_UNDECLARED_SELECTOR = YES;
				GCC_WARN_UNINITIALIZED_AUTOS = YES_AGGRESSIVE;
				GCC_WARN_UNUSED_FUNCTION = YES;
				GCC_WARN_UNUSED_VARIABLE = YES;
				IPHONEOS_DEPLOYMENT_TARGET = 17.2;
				LOCALIZATION_PREFERS_STRING_CATALOGS = YES;
				MTL_ENABLE_DEBUG_INFO = NO;
				MTL_FAST_MATH = YES;
				SDKROOT = iphoneos;
				SWIFT_COMPILATION_MODE = wholemodule;
				VALIDATE_PRODUCT = YES;
			};
			name = Release;
		};
		D6D118492CB42A12007B2945 /* Debug */ = {
			isa = XCBuildConfiguration;
			buildSettings = {
				ASSETCATALOG_COMPILER_APPICON_NAME = AppIcon;
				ASSETCATALOG_COMPILER_GLOBAL_ACCENT_COLOR_NAME = AccentColor;
				CODE_SIGN_STYLE = Automatic;
				CURRENT_PROJECT_VERSION = 1;
				DEVELOPMENT_ASSET_PATHS = "\"AirbnbTutorial/Preview Content\"";
				ENABLE_PREVIEWS = YES;
				GENERATE_INFOPLIST_FILE = YES;
				INFOPLIST_KEY_UIApplicationSceneManifest_Generation = YES;
				INFOPLIST_KEY_UIApplicationSupportsIndirectInputEvents = YES;
				INFOPLIST_KEY_UILaunchScreen_Generation = YES;
				INFOPLIST_KEY_UISupportedInterfaceOrientations_iPad = "UIInterfaceOrientationPortrait UIInterfaceOrientationPortraitUpsideDown UIInterfaceOrientationLandscapeLeft UIInterfaceOrientationLandscapeRight";
				INFOPLIST_KEY_UISupportedInterfaceOrientations_iPhone = "UIInterfaceOrientationPortrait UIInterfaceOrientationLandscapeLeft UIInterfaceOrientationLandscapeRight";
				LD_RUNPATH_SEARCH_PATHS = (
					"$(inherited)",
					"@executable_path/Frameworks",
				);
				MARKETING_VERSION = 1.0;
				PRODUCT_BUNDLE_IDENTIFIER = MyApps.AirbnbTutorial;
				PRODUCT_NAME = "$(TARGET_NAME)";
				SWIFT_EMIT_LOC_STRINGS = YES;
				SWIFT_VERSION = 5.0;
				TARGETED_DEVICE_FAMILY = "1,2";
			};
			name = Debug;
		};
		D6D1184A2CB42A12007B2945 /* Release */ = {
			isa = XCBuildConfiguration;
			buildSettings = {
				ASSETCATALOG_COMPILER_APPICON_NAME = AppIcon;
				ASSETCATALOG_COMPILER_GLOBAL_ACCENT_COLOR_NAME = AccentColor;
				CODE_SIGN_STYLE = Automatic;
				CURRENT_PROJECT_VERSION = 1;
				DEVELOPMENT_ASSET_PATHS = "\"AirbnbTutorial/Preview Content\"";
				ENABLE_PREVIEWS = YES;
				GENERATE_INFOPLIST_FILE = YES;
				INFOPLIST_KEY_UIApplicationSceneManifest_Generation = YES;
				INFOPLIST_KEY_UIApplicationSupportsIndirectInputEvents = YES;
				INFOPLIST_KEY_UILaunchScreen_Generation = YES;
				INFOPLIST_KEY_UISupportedInterfaceOrientations_iPad = "UIInterfaceOrientationPortrait UIInterfaceOrientationPortraitUpsideDown UIInterfaceOrientationLandscapeLeft UIInterfaceOrientationLandscapeRight";
				INFOPLIST_KEY_UISupportedInterfaceOrientations_iPhone = "UIInterfaceOrientationPortrait UIInterfaceOrientationLandscapeLeft UIInterfaceOrientationLandscapeRight";
				LD_RUNPATH_SEARCH_PATHS = (
					"$(inherited)",
					"@executable_path/Frameworks",
				);
				MARKETING_VERSION = 1.0;
				PRODUCT_BUNDLE_IDENTIFIER = MyApps.AirbnbTutorial;
				PRODUCT_NAME = "$(TARGET_NAME)";
				SWIFT_EMIT_LOC_STRINGS = YES;
				SWIFT_VERSION = 5.0;
				TARGETED_DEVICE_FAMILY = "1,2";
			};
			name = Release;
		};
/* End XCBuildConfiguration section */

/* Begin XCConfigurationList section */
		D6D118352CB42A0C007B2945 /* Build configuration list for PBXProject "AirbnbTutorial" */ = {
			isa = XCConfigurationList;
			buildConfigurations = (
				D6D118462CB42A12007B2945 /* Debug */,
				D6D118472CB42A12007B2945 /* Release */,
			);
			defaultConfigurationIsVisible = 0;
			defaultConfigurationName = Release;
		};
		D6D118482CB42A12007B2945 /* Build configuration list for PBXNativeTarget "AirbnbTutorial" */ = {
			isa = XCConfigurationList;
			buildConfigurations = (
				D6D118492CB42A12007B2945 /* Debug */,
				D6D1184A2CB42A12007B2945 /* Release */,
			);
			defaultConfigurationIsVisible = 0;
			defaultConfigurationName = Release;
		};
/* End XCConfigurationList section */
	};
	rootObject = D6D118322CB42A0C007B2945 /* Project object */;
}
